
Microsoft Visual Studio Solution File, Format Version 12.00
# Visual Studio Version 17
VisualStudioVersion = 17.9.34728.123
MinimumVisualStudioVersion = 10.0.40219.1
Project("{FAE04EC0-301F-11D3-BF4B-00C04F79EFBC}") = "CurrencyNumericConverter", "CurrencyNumericConverter.csproj", "{3CA8C1E9-2874-457A-B5E6-265918C90FC8}"
EndProject
Project("{FAE04EC0-301F-11D3-BF4B-00C04F79EFBC}") = "ConvertClient", "..\ConvertClient\ConvertClient.csproj", "{49FEBCF1-914D-4FF2-BC0C-32528883A569}"
EndProject
Global
	GlobalSection(SolutionConfigurationPlatforms) = preSolution
		Debug|Any CPU = Debug|Any CPU
		Release|Any CPU = Release|Any CPU
	EndGlobalSection
	GlobalSection(ProjectConfigurationPlatforms) = postSolution
		{3CA8C1E9-2874-457A-B5E6-265918C90FC8}.Debug|Any CPU.ActiveCfg = Debug|Any CPU
		{3CA8C1E9-2874-457A-B5E6-265918C90FC8}.Debug|Any CPU.Build.0 = Debug|Any CPU
		{3CA8C1E9-2874-457A-B5E6-265918C90FC8}.Release|Any CPU.ActiveCfg = Release|Any CPU
		{3CA8C1E9-2874-457A-B5E6-265918C90FC8}.Release|Any CPU.Build.0 = Release|Any CPU
		{49FEBCF1-914D-4FF2-BC0C-32528883A569}.Debug|Any CPU.ActiveCfg = Debug|Any CPU
		{49FEBCF1-914D-4FF2-BC0C-32528883A569}.Debug|Any CPU.Build.0 = Debug|Any CPU
		{49FEBCF1-914D-4FF2-BC0C-32528883A569}.Release|Any CPU.ActiveCfg = Release|Any CPU
		{49FEBCF1-914D-4FF2-BC0C-32528883A569}.Release|Any CPU.Build.0 = Release|Any CPU
	EndGlobalSection
	GlobalSection(SolutionProperties) = preSolution
		HideSolutionNode = FALSE
	EndGlobalSection
	GlobalSection(ExtensibilityGlobals) = postSolution
		SolutionGuid = {F32DF7C9-ABC3-469F-8272-95C1954E4D28}
	EndGlobalSection
EndGlobal
